github.com/alvaro259818/bookstore-oauth-go v0.0.0-20210609153927-597d30a06eef h1:Z+YvE6657HE5BmwXvw3KywRmhJ0kK2Y/ypOakXwSnew=
github.com/alvaro259818/bookstore-oauth-go v0.0.0-20210609153927-597d30a06eef/go.mod h1:elKKQRKlFqyyn5ULWi/8srQNgCGYF9pvve4zOhSOp/w=
github.com/alvaro259818/bookstore-oauth-go v1.0.0 h1:n2js/Kf0hABxc8vopIidYcYiB3R298GZjgKHSQZtBRE=
github.com/alvaro259818/bookstore-oauth-go v1.0.0/go.mod h1:38RBcqF6GKF0mYDPvgdAcCo+YOyBC+CE2jD/BoT9vgU=
github.com/alvaro259818/bookstore-utils-go v0.0.0-20210609164304-71a957d78fd6 h1:2bMXz4iBimbRv1dHP47AkZG2XOk3Jj+M0B8KrOJQOIc=
github.com/alvaro259818/bookstore-utils-go v0.0.0-20210609164304-71a957d78fd6/go.mod h1:OYdQ/nax8MTT4QlJB+Fuuxh8bgVyk0cBH4vMNA4XvGw=
github.com/alvaro259818/bookstore-utils-go v0.0.0-20210610153304-aa551b35789c h1:9/dPLZOmtGg8WrEcwJeAyGozXwUfwH0jwbRTbY1DcB0=
github.com/alvaro259818/bookstore-utils-go v0.0.0-20210610153304-aa551b35789c/go.mod h1:z4I3DSXUEeueT+wIDy0vmSg+MyPfmviULZo5HSj0RLM=
github.com/alvaro259818/bookstore-utils-go v0.0.0-20210610160126-e5e9ce74bbbe h1:a5oHDXP42Cn+xfUxRT8bhgzd3L9hrwSRGvMRfZUEm2E=
github.com/alvaro259818/bookstore-utils-go v0.0.0-20210610160126-e5e9ce74bbbe/go.mod h1:z4I3DSXUEeueT+wIDy0vmSg+MyPfmviULZo5HSj0RLM=
github.com/alvaro259818/bookstore-utils-go v0.0.0-20210610161924-b1a30bce2cf3 h1:LeI5OknsaqGkh1mTy9VfM06C5BNd1/iDa4WInc/Oa0c=
github.com/alvaro259818/bookstore-utils-go v0.0.0-20210610161924-b1a30bce2cf3/go.mod h1:z4I3DSXUEeueT+wIDy0vmSg+MyPfmviULZo5HSj0RLM=
github.com/alvaro259818/bookstore-utils-go v1.0.0 h1:T2Wa89LN4xv3LwpFvbKh8OeIUPI0xBI3/gqNcBsBGKI=
github.com/alvaro259818/bookstore-utils-go v1.0.0/go.mod h1:z4I3DSXUEeueT+wIDy0vmSg+MyPfmviULZo5HSj0RLM=
github.com/alvaro259818/golang-restclient v0.0.0-20210604225239-3c4065da3214 h1:FGuNPgolsfIlHjjq2j8oXbdqmDCMBDEPKS2P/gOt95o=
github.com/alvaro259818/golang-restclient v0.0.0-20210604225239-3c4065da3214/go.mod h1:IUDFdSr64zviqIxavpWj+2Boy2whNtLn0ht+eOfCK2o=
github.com/davecgh/go-spew v1.1.0/go.mod h1:J7Y8YcW2NihsgmVo/mv3lAwl/skON4iLHjSsI+c5H38=
github.com/davecgh/go-spew v1.1.1/go.mod h1:J7Y8YcW2NihsgmVo/mv3lAwl/skON4iLHjSsI+c5H38=
github.com/gorilla/mux v1.8.0 h1:i40aqfkR1h2SlN9hojwV5ZA91wcXFOvkdNIeFDP5koI=
github.com/gorilla/mux v1.8.0/go.mod h1:DVbg23sWSpFRCP0SfiEN6jmj59UnW/n46BH5rLB71So=
github.com/josharian/intern v1.0.0 h1:vlS4z54oSdjm0bgjRigI+G1HpF+tI+9rE5LLzOg8HmY=
github.com/josharian/intern v1.0.0/go.mod h1:5DoeVV0s6jJacbCEi61lwdGj/aVlrQvzHFFd8Hwg//Y=
github.com/mailru/easyjson v0.7.7 h1:UGYAvKxe3sBsEDzO8ZeWOSlIQfWFlxbzLZe7hwFURr0=
github.com/mailru/easyjson v0.7.7/go.mod h1:xzfreul335JAWq5oZzymOObrkdz5UnU4kGfJJLY9Nlc=
github.com/olivere/elastic v6.2.35+incompatible h1:MMklYDy2ySi01s123CB2WLBuDMzFX4qhFcA5tKWJPgM=
github.com/olivere/elastic v6.2.35+incompatible/go.mod h1:J+q1zQJTgAz9woqsbVRqGeB5G1iqDKVBWLNSYW8yfJ8=
github.com/pkg/errors v0.8.1/go.mod h1:bwawxfHBFNV+L2hUp1rHADufV3IMtnDRdf1r5NINEl0=
github.com/pkg/errors v0.9.1 h1:FEBLx1zS214owpjy7qsBeixbURkuhQAwrK5UwLGTwt4=
github.com/pkg/errors v0.9.1/go.mod h1:bwawxfHBFNV+L2hUp1rHADufV3IMtnDRdf1r5NINEl0=
github.com/pmezard/go-difflib v1.0.0/go.mod h1:iKH77koFhYxTK1pcRnkKkqfTogsbg7gZNVY4sRDYZ/4=
github.com/stretchr/objx v0.1.0/go.mod h1:HFkY916IF+rwdDfMAkV7OtwuqBVzrE8GR6GFx+wExME=
github.com/stretchr/testify v1.3.0/go.mod h1:M5WIy9Dh21IEIfnGCwXGc5bZfKNJtfHm1UVUgZn+9EI=
github.com/stretchr/testify v1.7.0/go.mod h1:6Fq8oRcR53rry900zMqJjRRixrwX3KX962/h/Wwjteg=
go.uber.org/atomic v1.7.0/go.mod h1:fEN4uk6kAWBTFdckzkM89CLk9XfWZrxpCo0nPH17wJc=
go.uber.org/atomic v1.8.0 h1:CUhrE4N1rqSE6FM9ecihEjRkLQu8cDfgDyoOs83mEY4=
go.uber.org/atomic v1.8.0/go.mod h1:fEN4uk6kAWBTFdckzkM89CLk9XfWZrxpCo0nPH17wJc=
go.uber.org/multierr v1.6.0/go.mod h1:cdWPpRnG4AhwMwsgIHip0KRBQjJy5kYEpYjJxpXp9iU=
go.uber.org/multierr v1.7.0 h1:zaiO/rmgFjbmCXdSYJWQcdvOCsthmdaHfr3Gm2Kx4Ec=
go.uber.org/multierr v1.7.0/go.mod h1:7EAYxJLBy9rStEaz58O2t4Uvip6FSURkq8/ppBp95ak=
go.uber.org/zap v1.17.0 h1:MTjgFu6ZLKvY6Pvaqk97GlxNBuMpV4Hy/3P6tRGlI2U=
go.uber.org/zap v1.17.0/go.mod h1:MXVU+bhUf/A7Xi2HNOnopQOrmycQ5Ih87HtOu4q5SSo=
gopkg.in/check.v1 v0.0.0-20161208181325-20d25e280405/go.mod h1:Co6ibVJAznAaIkqp8huTwlJQCZ016jof/cbN4VW5Yz0=
gopkg.in/yaml.v2 v2.2.8/go.mod h1:hI93XBmqTisBFMUTm0b8Fm+jr3Dg1NNxqwp+5A1VGuI=
gopkg.in/yaml.v3 v3.0.0-20200313102051-9f266ea9e77c/go.mod h1:K4uyk7z7BCEPqu6E+C64Yfv1cQ7kz7rIZviUmN+EgEM=
gopkg.in/yaml.v3 v3.0.0-20210107192922-496545a6307b/go.mod h1:K4uyk7z7BCEPqu6E+C64Yfv1cQ7kz7rIZviUmN+EgEM=
